// !$*UTF8*$!
{
	archiveVersion = 1;
	classes = {
	};
	objectVersion = 50;
	objects = {

/* Begin PBXBuildFile section */
		A0A9049A224827FF0012E056 /* PDFDrawingViewTests.swift in Sources */ = {isa = PBXBuildFile; fileRef = A0A90499224827FF0012E056 /* PDFDrawingViewTests.swift */; };
		A0F14B0C221EF7E4009DC4D2 /* AppDelegate.swift in Sources */ = {isa = PBXBuildFile; fileRef = A0F14B0B221EF7E4009DC4D2 /* AppDelegate.swift */; };
		A0F14B0E221EF7E4009DC4D2 /* ViewController.swift in Sources */ = {isa = PBXBuildFile; fileRef = A0F14B0D221EF7E4009DC4D2 /* ViewController.swift */; };
		A0F14B11221EF7E4009DC4D2 /* Main.storyboard in Resources */ = {isa = PBXBuildFile; fileRef = A0F14B0F221EF7E4009DC4D2 /* Main.storyboard */; };
		A0F14B13221EF7E6009DC4D2 /* Assets.xcassets in Resources */ = {isa = PBXBuildFile; fileRef = A0F14B12221EF7E6009DC4D2 /* Assets.xcassets */; };
		A0F14B16221EF7E6009DC4D2 /* LaunchScreen.storyboard in Resources */ = {isa = PBXBuildFile; fileRef = A0F14B14221EF7E6009DC4D2 /* LaunchScreen.storyboard */; };
		A0F14B1E221EF944009DC4D2 /* ListAbstractions.pdf in Resources */ = {isa = PBXBuildFile; fileRef = A0F14B1D221EF944009DC4D2 /* ListAbstractions.pdf */; };
/* End PBXBuildFile section */

/* Begin PBXContainerItemProxy section */
		A0A9049C224827FF0012E056 /* PBXContainerItemProxy */ = {
			isa = PBXContainerItemProxy;
			containerPortal = A0F14B00221EF7E4009DC4D2 /* Project object */;
			proxyType = 1;
			remoteGlobalIDString = A0F14B07221EF7E4009DC4D2;
			remoteInfo = SamplePDFDrawingViewApp;
		};
/* End PBXContainerItemProxy section */

/* Begin PBXFileReference section */
		A0A90497224827FF0012E056 /* PDFDrawingViewTests.xctest */ = {isa = PBXFileReference; explicitFileType = wrapper.cfbundle; includeInIndex = 0; path = PDFDrawingViewTests.xctest; sourceTree = BUILT_PRODUCTS_DIR; };
		A0A90499224827FF0012E056 /* PDFDrawingViewTests.swift */ = {isa = PBXFileReference; lastKnownFileType = sourcecode.swift; path = PDFDrawingViewTests.swift; sourceTree = "<group>"; };
		A0A9049B224827FF0012E056 /* Info.plist */ = {isa = PBXFileReference; lastKnownFileType = text.plist.xml; path = Info.plist; sourceTree = "<group>"; };
		A0F14B08221EF7E4009DC4D2 /* SamplePDFDrawingViewApp.app */ = {isa = PBXFileReference; explicitFileType = wrapper.application; includeInIndex = 0; path = SamplePDFDrawingViewApp.app; sourceTree = BUILT_PRODUCTS_DIR; };
		A0F14B0B221EF7E4009DC4D2 /* AppDelegate.swift */ = {isa = PBXFileReference; lastKnownFileType = sourcecode.swift; path = AppDelegate.swift; sourceTree = "<group>"; };
		A0F14B0D221EF7E4009DC4D2 /* ViewController.swift */ = {isa = PBXFileReference; lastKnownFileType = sourcecode.swift; path = ViewController.swift; sourceTree = "<group>"; };
		A0F14B10221EF7E4009DC4D2 /* Base */ = {isa = PBXFileReference; lastKnownFileType = file.storyboard; name = Base; path = Base.lproj/Main.storyboard; sourceTree = "<group>"; };
		A0F14B12221EF7E6009DC4D2 /* Assets.xcassets */ = {isa = PBXFileReference; lastKnownFileType = folder.assetcatalog; path = Assets.xcassets; sourceTree = "<group>"; };
		A0F14B15221EF7E6009DC4D2 /* Base */ = {isa = PBXFileReference; lastKnownFileType = file.storyboard; name = Base; path = Base.lproj/LaunchScreen.storyboard; sourceTree = "<group>"; };
		A0F14B17221EF7E6009DC4D2 /* Info.plist */ = {isa = PBXFileReference; lastKnownFileType = text.plist.xml; path = Info.plist; sourceTree = "<group>"; };
		A0F14B1D221EF944009DC4D2 /* ListAbstractions.pdf */ = {isa = PBXFileReference; lastKnownFileType = image.pdf; path = ListAbstractions.pdf; sourceTree = "<group>"; };
/* End PBXFileReference section */

/* Begin PBXFrameworksBuildPhase section */
		A0A90494224827FF0012E056 /* Frameworks */ = {
			isa = PBXFrameworksBuildPhase;
			buildActionMask = 2147483647;
			files = (
			);
			runOnlyForDeploymentPostprocessing = 0;
		};
		A0F14B05221EF7E4009DC4D2 /* Frameworks */ = {
			isa = PBXFrameworksBuildPhase;
			buildActionMask = 2147483647;
			files = (
			);
			runOnlyForDeploymentPostprocessing = 0;
		};
/* End PBXFrameworksBuildPhase section */

/* Begin PBXGroup section */
		A0A90498224827FF0012E056 /* PDFDrawingViewTests */ = {
			isa = PBXGroup;
			children = (
				A0A90499224827FF0012E056 /* PDFDrawingViewTests.swift */,
				A0A9049B224827FF0012E056 /* Info.plist */,
			);
			path = PDFDrawingViewTests;
			sourceTree = "<group>";
		};
		A0F14AFF221EF7E4009DC4D2 = {
			isa = PBXGroup;
			children = (
				A0F14B0A221EF7E4009DC4D2 /* SamplePDFDrawingViewApp */,
				A0A90498224827FF0012E056 /* PDFDrawingViewTests */,
				A0F14B09221EF7E4009DC4D2 /* Products */,
			);
			sourceTree = "<group>";
		};
		A0F14B09221EF7E4009DC4D2 /* Products */ = {
			isa = PBXGroup;
			children = (
				A0F14B08221EF7E4009DC4D2 /* SamplePDFDrawingViewApp.app */,
				A0A90497224827FF0012E056 /* PDFDrawingViewTests.xctest */,
			);
			name = Products;
			sourceTree = "<group>";
		};
		A0F14B0A221EF7E4009DC4D2 /* SamplePDFDrawingViewApp */ = {
			isa = PBXGroup;
			children = (
				A0F14B1D221EF944009DC4D2 /* ListAbstractions.pdf */,
				A0F14B0B221EF7E4009DC4D2 /* AppDelegate.swift */,
				A0F14B0D221EF7E4009DC4D2 /* ViewController.swift */,
				A0F14B0F221EF7E4009DC4D2 /* Main.storyboard */,
				A0F14B12221EF7E6009DC4D2 /* Assets.xcassets */,
				A0F14B14221EF7E6009DC4D2 /* LaunchScreen.storyboard */,
				A0F14B17221EF7E6009DC4D2 /* Info.plist */,
			);
			path = SamplePDFDrawingViewApp;
			sourceTree = "<group>";
		};
/* End PBXGroup section */

/* Begin PBXNativeTarget section */
		A0A90496224827FF0012E056 /* PDFDrawingViewTests */ = {
			isa = PBXNativeTarget;
			buildConfigurationList = A0A904A0224827FF0012E056 /* Build configuration list for PBXNativeTarget "PDFDrawingViewTests" */;
			buildPhases = (
				A0A90493224827FF0012E056 /* Sources */,
				A0A90494224827FF0012E056 /* Frameworks */,
				A0A90495224827FF0012E056 /* Resources */,
			);
			buildRules = (
			);
			dependencies = (
				A0A9049D224827FF0012E056 /* PBXTargetDependency */,
			);
			name = PDFDrawingViewTests;
			productName = PDFDrawingViewTests;
			productReference = A0A90497224827FF0012E056 /* PDFDrawingViewTests.xctest */;
			productType = "com.apple.product-type.bundle.unit-test";
		};
		A0F14B07221EF7E4009DC4D2 /* SamplePDFDrawingViewApp */ = {
			isa = PBXNativeTarget;
			buildConfigurationList = A0F14B1A221EF7E6009DC4D2 /* Build configuration list for PBXNativeTarget "SamplePDFDrawingViewApp" */;
			buildPhases = (
				A0F14B04221EF7E4009DC4D2 /* Sources */,
				A0F14B05221EF7E4009DC4D2 /* Frameworks */,
				A0F14B06221EF7E4009DC4D2 /* Resources */,
			);
			buildRules = (
			);
			dependencies = (
			);
			name = SamplePDFDrawingViewApp;
			productName = SamplePDFDrawingViewApp;
			productReference = A0F14B08221EF7E4009DC4D2 /* SamplePDFDrawingViewApp.app */;
			productType = "com.apple.product-type.application";
		};
/* End PBXNativeTarget section */

/* Begin PBXProject section */
		A0F14B00221EF7E4009DC4D2 /* Project object */ = {
			isa = PBXProject;
			attributes = {
				LastSwiftUpdateCheck = 1010;
				LastUpgradeCheck = 1010;
				ORGANIZATIONNAME = "Jack Rosen";
				TargetAttributes = {
					A0A90496224827FF0012E056 = {
						CreatedOnToolsVersion = 10.1;
						TestTargetID = A0F14B07221EF7E4009DC4D2;
					};
					A0F14B07221EF7E4009DC4D2 = {
						CreatedOnToolsVersion = 10.1;
					};
				};
			};
			buildConfigurationList = A0F14B03221EF7E4009DC4D2 /* Build configuration list for PBXProject "SamplePDFDrawingViewApp" */;
			compatibilityVersion = "Xcode 9.3";
			developmentRegion = en;
			hasScannedForEncodings = 0;
			knownRegions = (
				en,
				Base,
			);
			mainGroup = A0F14AFF221EF7E4009DC4D2;
			productRefGroup = A0F14B09221EF7E4009DC4D2 /* Products */;
			projectDirPath = "";
			projectRoot = "";
			targets = (
				A0F14B07221EF7E4009DC4D2 /* SamplePDFDrawingViewApp */,
				A0A90496224827FF0012E056 /* PDFDrawingViewTests */,
			);
		};
/* End PBXProject section */

/* Begin PBXResourcesBuildPhase section */
		A0A90495224827FF0012E056 /* Resources */ = {
			isa = PBXResourcesBuildPhase;
			buildActionMask = 2147483647;
			files = (
			);
			runOnlyForDeploymentPostprocessing = 0;
		};
		A0F14B06221EF7E4009DC4D2 /* Resources */ = {
			isa = PBXResourcesBuildPhase;
			buildActionMask = 2147483647;
			files = (
				A0F14B16221EF7E6009DC4D2 /* LaunchScreen.storyboard in Resources */,
				A0F14B1E221EF944009DC4D2 /* ListAbstractions.pdf in Resources */,
				A0F14B13221EF7E6009DC4D2 /* Assets.xcassets in Resources */,
				A0F14B11221EF7E4009DC4D2 /* Main.storyboard in Resources */,
			);
			runOnlyForDeploymentPostprocessing = 0;
		};
/* End PBXResourcesBuildPhase section */

/* Begin PBXSourcesBuildPhase section */
		A0A90493224827FF0012E056 /* Sources */ = {
			isa = PBXSourcesBuildPhase;
			buildActionMask = 2147483647;
			files = (
				A0A9049A224827FF0012E056 /* PDFDrawingViewTests.swift in Sources */,
			);
			runOnlyForDeploymentPostprocessing = 0;
		};
		A0F14B04221EF7E4009DC4D2 /* Sources */ = {
			isa = PBXSourcesBuildPhase;
			buildActionMask = 2147483647;
			files = (
				A0F14B0E221EF7E4009DC4D2 /* ViewController.swift in Sources */,
				A0F14B0C221EF7E4009DC4D2 /* AppDelegate.swift in Sources */,
			);
			runOnlyForDeploymentPostprocessing = 0;
		};
/* End PBXSourcesBuildPhase section */

/* Begin PBXTargetDependency section */
		A0A9049D224827FF0012E056 /* PBXTargetDependency */ = {
			isa = PBXTargetDependency;
			target = A0F14B07221EF7E4009DC4D2 /* SamplePDFDrawingViewApp */;
			targetProxy = A0A9049C224827FF0012E056 /* PBXContainerItemProxy */;
		};
/* End PBXTargetDependency section */

/* Begin PBXVariantGroup section */
		A0F14B0F221EF7E4009DC4D2 /* Main.storyboard */ = {
			isa = PBXVariantGroup;
			children = (
				A0F14B10221EF7E4009DC4D2 /* Base */,
			);
			name = Main.storyboard;
			sourceTree = "<group>";
		};
		A0F14B14221EF7E6009DC4D2 /* LaunchScreen.storyboard */ = {
			isa = PBXVariantGroup;
			children = (
				A0F14B15221EF7E6009DC4D2 /* Base */,
			);
			name = LaunchScreen.storyboard;
			sourceTree = "<group>";
		};
/* End PBXVariantGroup section */

/* Begin XCBuildConfiguration section */
		A0A9049E224827FF0012E056 /* Debug */ = {
			isa = XCBuildConfiguration;
			buildSettings = {
				BUNDLE_LOADER = "$(TEST_HOST)";
				CODE_SIGN_STYLE = Automatic;
				DEVELOPMENT_TEAM = SCB9RTL9PP;
				INFOPLIST_FILE = PDFDrawingViewTests/Info.plist;
				LD_RUNPATH_SEARCH_PATHS = (
					"$(inherited)",
					"@executable_path/Frameworks",
					"@loader_path/Frameworks",
				);
				PRODUCT_BUNDLE_IDENTIFIER = com.JackRosen.PDFDrawingViewTests;
				PRODUCT_NAME = "$(TARGET_NAME)";
				SWIFT_VERSION = 4.2;
				TARGETED_DEVICE_FAMILY = "1,2";
				TEST_HOST = "$(BUILT_PRODUCTS_DIR)/SamplePDFDrawingViewApp.app/SamplePDFDrawingViewApp";
			};
			name = Debug;
		};
		A0A9049F224827FF0012E056 /* Release */ = {
			isa = XCBuildConfiguration;
			buildSettings = {
				BUNDLE_LOADER = "$(TEST_HOST)";
				CODE_SIGN_STYLE = Automatic;
				DEVELOPMENT_TEAM = SCB9RTL9PP;
				INFOPLIST_FILE = PDFDrawingViewTests/Info.plist;
				LD_RUNPATH_SEARCH_PATHS = (
					"$(inherited)",
					"@executable_path/Frameworks",
					"@loader_path/Frameworks",
				);
				PRODUCT_BUNDLE_IDENTIFIER = com.JackRosen.PDFDrawingViewTests;
				PRODUCT_NAME = "$(TARGET_NAME)";
				SWIFT_VERSION = 4.2;
				TARGETED_DEVICE_FAMILY = "1,2";
				TEST_HOST = "$(BUILT_PRODUCTS_DIR)/SamplePDFDrawingViewApp.app/SamplePDFDrawingViewApp";
			};
			name = Release;
		};
		A0F14B18221EF7E6009DC4D2 /* Debug */ = {
			isa = XCBuildConfiguration;
			buildSettings = {
				ALWAYS_SEARCH_USER_PATHS = NO;
				CLANG_ANALYZER_NONNULL = YES;
				CLANG_ANALYZER_NUMBER_OBJECT_CONVERSION = YES_AGGRESSIVE;
				CLANG_CXX_LANGUAGE_STANDARD = "gnu++14";
				CLANG_CXX_LIBRARY = "libc++";
				CLANG_ENABLE_MODULES = YES;
				CLANG_ENABLE_OBJC_ARC = YES;
				CLANG_ENABLE_OBJC_WEAK = YES;
				CLANG_WARN_BLOCK_CAPTURE_AUTORELEASING = YES;
				CLANG_WARN_BOOL_CONVERSION = YES;
				CLANG_WARN_COMMA = YES;
				CLANG_WARN_CONSTANT_CONVERSION = YES;
				CLANG_WARN_DEPRECATED_OBJC_IMPLEMENTATIONS = YES;
				CLANG_WARN_DIRECT_OBJC_ISA_USAGE = YES_ERROR;
				CLANG_WARN_DOCUMENTATION_COMMENTS = YES;
				CLANG_WARN_EMPTY_BODY = YES;
				CLANG_WARN_ENUM_CONVERSION = YES;
				CLANG_WARN_INFINITE_RECURSION = YES;
				CLANG_WARN_INT_CONVERSION = YES;
				CLANG_WARN_NON_LITERAL_NULL_CONVERSION = YES;
				CLANG_WARN_OBJC_IMPLICIT_RETAIN_SELF = YES;
				CLANG_WARN_OBJC_LITERAL_CONVERSION = YES;
				CLANG_WARN_OBJC_ROOT_CLASS = YES_ERROR;
				CLANG_WARN_RANGE_LOOP_ANALYSIS = YES;
				CLANG_WARN_STRICT_PROTOTYPES = YES;
				CLANG_WARN_SUSPICIOUS_MOVE = YES;
				CLANG_WARN_UNGUARDED_AVAILABILITY = YES_AGGRESSIVE;
				CLANG_WARN_UNREACHABLE_CODE = YES;
				CLANG_WARN__DUPLICATE_METHOD_MATCH = YES;
				CODE_SIGN_IDENTITY = "iPhone Developer";
				COPY_PHASE_STRIP = NO;
				DEBUG_INFORMATION_FORMAT = dwarf;
				ENABLE_STRICT_OBJC_MSGSEND = YES;
				ENABLE_TESTABILITY = YES;
				GCC_C_LANGUAGE_STANDARD = gnu11;
				GCC_DYNAMIC_NO_PIC = NO;
				GCC_NO_COMMON_BLOCKS = YES;
				GCC_OPTIMIZATION_LEVEL = 0;
				GCC_PREPROCESSOR_DEFINITIONS = (
					"DEBUG=1",
					"$(inherited)",
				);
				GCC_WARN_64_TO_32_BIT_CONVERSION = YES;
				GCC_WARN_ABOUT_RETURN_TYPE = YES_ERROR;
				GCC_WARN_UNDECLARED_SELECTOR = YES;
				GCC_WARN_UNINITIALIZED_AUTOS = YES_AGGRESSIVE;
				GCC_WARN_UNUSED_FUNCTION = YES;
				GCC_WARN_UNUSED_VARIABLE = YES;
				IPHONEOS_DEPLOYMENT_TARGET = 12.1;
				MTL_ENABLE_DEBUG_INFO = INCLUDE_SOURCE;
				MTL_FAST_MATH = YES;
				ONLY_ACTIVE_ARCH = YES;
				SDKROOT = iphoneos;
				SWIFT_ACTIVE_COMPILATION_CONDITIONS = DEBUG;
				SWIFT_OPTIMIZATION_LEVEL = "-Onone";
			};
			name = Debug;
		};
		A0F14B19221EF7E6009DC4D2 /* Release */ = {
			isa = XCBuildConfiguration;
			buildSettings = {
				ALWAYS_SEARCH_USER_PATHS = NO;
				CLANG_ANALYZER_NONNULL = YES;
				CLANG_ANALYZER_NUMBER_OBJECT_CONVERSION = YES_AGGRESSIVE;
				CLANG_CXX_LANGUAGE_STANDARD = "gnu++14";
				CLANG_CXX_LIBRARY = "libc++";
				CLANG_ENABLE_MODULES = YES;
				CLANG_ENABLE_OBJC_ARC = YES;
				CLANG_ENABLE_OBJC_WEAK = YES;
				CLANG_WARN_BLOCK_CAPTURE_AUTORELEASING = YES;
				CLANG_WARN_BOOL_CONVERSION = YES;
				CLANG_WARN_COMMA = YES;
				CLANG_WARN_CONSTANT_CONVERSION = YES;
				CLANG_WARN_DEPRECATED_OBJC_IMPLEMENTATIONS = YES;
				CLANG_WARN_DIRECT_OBJC_ISA_USAGE = YES_ERROR;
				CLANG_WARN_DOCUMENTATION_COMMENTS = YES;
				CLANG_WARN_EMPTY_BODY = YES;
				CLANG_WARN_ENUM_CONVERSION = YES;
				CLANG_WARN_INFINITE_RECURSION = YES;
				CLANG_WARN_INT_CONVERSION = YES;
				CLANG_WARN_NON_LITERAL_NULL_CONVERSION = YES;
				CLANG_WARN_OBJC_IMPLICIT_RETAIN_SELF = YES;
				CLANG_WARN_OBJC_LITERAL_CONVERSION = YES;
				CLANG_WARN_OBJC_ROOT_CLASS = YES_ERROR;
				CLANG_WARN_RANGE_LOOP_ANALYSIS = YES;
				CLANG_WARN_STRICT_PROTOTYPES = YES;
				CLANG_WARN_SUSPICIOUS_MOVE = YES;
				CLANG_WARN_UNGUARDED_AVAILABILITY = YES_AGGRESSIVE;
				CLANG_WARN_UNREACHABLE_CODE = YES;
				CLANG_WARN__DUPLICATE_METHOD_MATCH = YES;
				CODE_SIGN_IDENTITY = "iPhone Developer";
				COPY_PHASE_STRIP = NO;
				DEBUG_INFORMATION_FORMAT = "dwarf-with-dsym";
				ENABLE_NS_ASSERTIONS = NO;
				ENABLE_STRICT_OBJC_MSGSEND = YES;
				GCC_C_LANGUAGE_STANDARD = gnu11;
				GCC_NO_COMMON_BLOCKS = YES;
				GCC_WARN_64_TO_32_BIT_CONVERSION = YES;
				GCC_WARN_ABOUT_RETURN_TYPE = YES_ERROR;
				GCC_WARN_UNDECLARED_SELECTOR = YES;
				GCC_WARN_UNINITIALIZED_AUTOS = YES_AGGRESSIVE;
				GCC_WARN_UNUSED_FUNCTION = YES;
				GCC_WARN_UNUSED_VARIABLE = YES;
				IPHONEOS_DEPLOYMENT_TARGET = 12.1;
				MTL_ENABLE_DEBUG_INFO = NO;
				MTL_FAST_MATH = YES;
				SDKROOT = iphoneos;
				SWIFT_COMPILATION_MODE = wholemodule;
				SWIFT_OPTIMIZATION_LEVEL = "-O";
				VALIDATE_PRODUCT = YES;
			};
			name = Release;
		};
		A0F14B1B221EF7E6009DC4D2 /* Debug */ = {
			isa = XCBuildConfiguration;
			buildSettings = {
				ASSETCATALOG_COMPILER_APPICON_NAME = AppIcon;
				CODE_SIGN_STYLE = Automatic;
				DEVELOPMENT_TEAM = SCB9RTL9PP;
				INFOPLIST_FILE = SamplePDFDrawingViewApp/Info.plist;
				LD_RUNPATH_SEARCH_PATHS = (
					"$(inherited)",
					"@executable_path/Frameworks",
				);
				OTHER_LDFLAGS = "$(inherited)";
				PRODUCT_BUNDLE_IDENTIFIER = com.JackRosen.SamplePDFDrawingViewApp;
				PRODUCT_NAME = "$(TARGET_NAME)";
				SWIFT_VERSION = 4.2;
				TARGETED_DEVICE_FAMILY = "1,2";
			};
			name = Debug;
		};
		A0F14B1C221EF7E6009DC4D2 /* Release */ = {
			isa = XCBuildConfiguration;
			buildSettings = {
				ASSETCATALOG_COMPILER_APPICON_NAME = AppIcon;
				CODE_SIGN_STYLE = Automatic;
				DEVELOPMENT_TEAM = SCB9RTL9PP;
				INFOPLIST_FILE = SamplePDFDrawingViewApp/Info.plist;
				LD_RUNPATH_SEARCH_PATHS = (
					"$(inherited)",
					"@executable_path/Frameworks",
				);
				OTHER_LDFLAGS = "$(inherited)";
				PRODUCT_BUNDLE_IDENTIFIER = com.JackRosen.SamplePDFDrawingViewApp;
				PRODUCT_NAME = "$(TARGET_NAME)";
				SWIFT_VERSION = 4.2;
				TARGETED_DEVICE_FAMILY = "1,2";
			};
			name = Release;
		};
/* End XCBuildConfiguration section */

/* Begin XCConfigurationList section */
		A0A904A0224827FF0012E056 /* Build configuration list for PBXNativeTarget "PDFDrawingViewTests" */ = {
			isa = XCConfigurationList;
			buildConfigurations = (
				A0A9049E224827FF0012E056 /* Debug */,
				A0A9049F224827FF0012E056 /* Release */,
			);
			defaultConfigurationIsVisible = 0;
			defaultConfigurationName = Release;
		};
		A0F14B03221EF7E4009DC4D2 /* Build configuration list for PBXProject "SamplePDFDrawingViewApp" */ = {
			isa = XCConfigurationList;
			buildConfigurations = (
				A0F14B18221EF7E6009DC4D2 /* Debug */,
				A0F14B19221EF7E6009DC4D2 /* Release */,
			);
			defaultConfigurationIsVisible = 0;
			defaultConfigurationName = Release;
		};
		A0F14B1A221EF7E6009DC4D2 /* Build configuration list for PBXNativeTarget "SamplePDFDrawingViewApp" */ = {
			isa = XCConfigurationList;
			buildConfigurations = (
				A0F14B1B221EF7E6009DC4D2 /* Debug */,
				A0F14B1C221EF7E6009DC4D2 /* Release */,
			);
			defaultConfigurationIsVisible = 0;
			defaultConfigurationName = Release;
		};
/* End XCConfigurationList section */
	};
	rootObject = A0F14B00221EF7E4009DC4D2 /* Project object */;
}
